PODS:
  - FlatUIKit (1.6.1)
  - FontAwesomeKit (2.1.8):
    - FontAwesomeKit/Core (= 2.1.8)
    - FontAwesomeKit/FontAwesome (= 2.1.8)
    - FontAwesomeKit/FoundationIcons (= 2.1.8)
    - FontAwesomeKit/IonIcons (= 2.1.8)
    - FontAwesomeKit/Zocial (= 2.1.8)
  - FontAwesomeKit/Core (2.1.8)
  - FontAwesomeKit/FontAwesome (2.1.8):
    - FontAwesomeKit/Core
  - FontAwesomeKit/FoundationIcons (2.1.8):
    - FontAwesomeKit/Core
  - FontAwesomeKit/IonIcons (2.1.8):
    - FontAwesomeKit/Core
  - FontAwesomeKit/Zocial (2.1.8):
    - FontAwesomeKit/Core

DEPENDENCIES:
  - FlatUIKit
  - FontAwesomeKit (~> 2.1.0)

SPEC CHECKSUMS:
  FlatUIKit: c602127a0c4a347e0632b2c5aef5c8c5f386f2cf
  FontAwesomeKit: 64759fb28b5d2e74a1bd81553d7c11ca10e32179

COCOAPODS: 0.37.2
